
Microsoft Visual Studio Solution File, Format Version 12.00
# Visual Studio Version 16
VisualStudioVersion = 16.0.30711.63
MinimumVisualStudioVersion = 10.0.40219.1
Project("{FAE04EC0-301F-11D3-BF4B-00C04F79EFBC}") = "FileManager", "FileManager\FileManager.csproj", "{D897F64F-7CD7-486D-BAE0-F48E4C6FE6A3}"
EndProject
Project("{FAE04EC0-301F-11D3-BF4B-00C04F79EFBC}") = "Core", "Core\Core.csproj", "{B7E2929A-617D-4924-A109-B9FDEC880E63}"
EndProject
Global
	GlobalSection(SolutionConfigurationPlatforms) = preSolution
		Debug|Any CPU = Debug|Any CPU
		Release|Any CPU = Release|Any CPU
	EndGlobalSection
	GlobalSection(ProjectConfigurationPlatforms) = postSolution
		{D897F64F-7CD7-486D-BAE0-F48E4C6FE6A3}.Debug|Any CPU.ActiveCfg = Debug|Any CPU
		{D897F64F-7CD7-486D-BAE0-F48E4C6FE6A3}.Debug|Any CPU.Build.0 = Debug|Any CPU
		{D897F64F-7CD7-486D-BAE0-F48E4C6FE6A3}.Release|Any CPU.ActiveCfg = Release|Any CPU
		{D897F64F-7CD7-486D-BAE0-F48E4C6FE6A3}.Release|Any CPU.Build.0 = Release|Any CPU
		{B7E2929A-617D-4924-A109-B9FDEC880E63}.Debug|Any CPU.ActiveCfg = Debug|Any CPU
		{B7E2929A-617D-4924-A109-B9FDEC880E63}.Debug|Any CPU.Build.0 = Debug|Any CPU
		{B7E2929A-617D-4924-A109-B9FDEC880E63}.Release|Any CPU.ActiveCfg = Release|Any CPU
		{B7E2929A-617D-4924-A109-B9FDEC880E63}.Release|Any CPU.Build.0 = Release|Any CPU
	EndGlobalSection
	GlobalSection(SolutionProperties) = preSolution
		HideSolutionNode = FALSE
	EndGlobalSection
	GlobalSection(ExtensibilityGlobals) = postSolution
		SolutionGuid = {18B03880-F2C0-49F3-8704-B3B5609A6652}
	EndGlobalSection
EndGlobal
